{
  "name": "jamesmichaelking.com",
  "version": "1.0.0",
  "lockfileVersion": 2,
  "requires": true,
  "packages": {
    "": {
      "name": "jamesmichaelking.com",
      "version": "1.0.0",
      "license": "ISC",
      "dependencies": {
        "sass": "^1.79.1",
        "sass-mq": "^6.0.0",
        "watch": "^1.0.2"
      },
      "devDependencies": {
        "prettier": "3.3.3"
      }
    },
    "node_modules/chokidar": {
      "version": "4.0.0",
      "resolved": "https://registry.npmjs.org/chokidar/-/chokidar-4.0.0.tgz",
      "integrity": "sha512-mxIojEAQcuEvT/lyXq+jf/3cO/KoA6z4CeNDGGevTybECPOMFCnQy3OPahluUkbqgPNGw5Bi78UC7Po6Lhy+NA==",
      "license": "MIT",
      "dependencies": {
        "readdirp": "^4.0.1"
      },
      "engines": {
        "node": ">= 14.16.0"
      },
      "funding": {
        "url": "https://paulmillr.com/funding/"
      }
    },
    "node_modules/exec-sh": {
      "version": "0.2.2",
      "resolved": "https://registry.npmjs.org/exec-sh/-/exec-sh-0.2.2.tgz",
      "integrity": "sha512-FIUCJz1RbuS0FKTdaAafAByGS0CPvU3R0MeHxgtl+djzCc//F8HakL8GzmVNZanasTbTAY/3DRFA0KpVqj/eAw==",
      "license": "MIT",
      "dependencies": {
        "merge": "^1.2.0"
      }
    },
    "node_modules/immutable": {
      "version": "4.2.1",
      "resolved": "https://registry.npmjs.org/immutable/-/immutable-4.2.1.tgz",
      "integrity": "sha512-7WYV7Q5BTs0nlQm7tl92rDYYoyELLKHoDMBKhrxEoiV4mrfVdRz8hzPiYOzH7yWjzoVEamxRuAqhxL2PLRwZYQ=="
    },
    "node_modules/merge": {
      "version": "1.2.1",
      "resolved": "https://registry.npmjs.org/merge/-/merge-1.2.1.tgz",
      "integrity": "sha512-VjFo4P5Whtj4vsLzsYBu5ayHhoHJ0UqNm7ibvShmbmoz7tGi0vXaoJbGdB+GmDMLUdg8DpQXEIeVDAe8MaABvQ==",
      "license": "MIT"
    },
    "node_modules/minimist": {
      "version": "1.2.8",
      "resolved": "https://registry.npmjs.org/minimist/-/minimist-1.2.8.tgz",
      "integrity": "sha512-2yyAR8qBkN3YuheJanUpWC5U3bb5osDywNB8RzDVlDwDHbocAJveqqj1u8+SVD7jkWT4yvsHCpWqqWqAxb0zCA==",
      "license": "MIT",
      "funding": {
        "url": "https://github.com/sponsors/ljharb"
      }
    },
    "node_modules/prettier": {
      "version": "3.3.3",
      "resolved": "https://registry.npmjs.org/prettier/-/prettier-3.3.3.tgz",
      "integrity": "sha512-i2tDNA0O5IrMO757lfrdQZCc2jPNDVntV0m/+4whiDfWaTKfMNgR7Qz0NAeGz/nRqF4m5/6CLzbP4/liHt12Ew==",
      "dev": true,
      "license": "MIT",
      "bin": {
        "prettier": "bin/prettier.cjs"
      },
      "engines": {
        "node": ">=14"
      },
      "funding": {
        "url": "https://github.com/prettier/prettier?sponsor=1"
      }
    },
    "node_modules/readdirp": {
      "version": "4.0.1",
      "resolved": "https://registry.npmjs.org/readdirp/-/readdirp-4.0.1.tgz",
      "integrity": "sha512-GkMg9uOTpIWWKbSsgwb5fA4EavTR+SG/PMPoAY8hkhHfEEY0/vqljY+XHqtDf2cr2IJtoNRDbrrEpZUiZCkYRw==",
      "license": "MIT",
      "engines": {
        "node": ">= 14.16.0"
      },
      "funding": {
        "type": "individual",
        "url": "https://paulmillr.com/funding/"
      }
    },
    "node_modules/sass": {
      "version": "1.79.1",
      "resolved": "https://registry.npmjs.org/sass/-/sass-1.79.1.tgz",
      "integrity": "sha512-+mA7svoNKeL0DiJqZGeR/ZGUu8he4I8o3jyUcOFyo4eBJrwNgIMmAEwCMo/N2Y3wdjOBcRzoNxZIOtrtMX8EXg==",
      "license": "MIT",
      "dependencies": {
        "chokidar": "^4.0.0",
        "immutable": "^4.0.0",
        "source-map-js": ">=0.6.2 <2.0.0"
      },
      "bin": {
        "sass": "sass.js"
      },
      "engines": {
        "node": ">=14.0.0"
      }
    },
    "node_modules/sass-mq": {
      "version": "6.0.0",
      "resolved": "https://registry.npmjs.org/sass-mq/-/sass-mq-6.0.0.tgz",
      "integrity": "sha512-h4VicIy8lszFlqqggqLIFGt/9wS5fHLPoTXHRjC8Vw6UsA4s4JtDvEeypXbbECfgY336mXyc/cdpbRacH0UzGA=="
    },
    "node_modules/source-map-js": {
      "version": "1.0.2",
      "resolved": "https://registry.npmjs.org/source-map-js/-/source-map-js-1.0.2.tgz",
      "integrity": "sha512-R0XvVJ9WusLiqTCEiGCmICCMplcCkIwwR11mOSD9CR5u+IXYdiseeEuXCVAjS54zqwkLcPNnmU4OeJ6tUrWhDw==",
      "engines": {
        "node": ">=0.10.0"
      }
    },
    "node_modules/watch": {
      "version": "1.0.2",
      "resolved": "https://registry.npmjs.org/watch/-/watch-1.0.2.tgz",
      "integrity": "sha512-1u+Z5n9Jc1E2c7qDO8SinPoZuHj7FgbgU1olSFoyaklduDvvtX7GMMtlE6OC9FTXq4KvNAOfj6Zu4vI1e9bAKA==",
      "license": "Apache-2.0",
      "dependencies": {
        "exec-sh": "^0.2.0",
        "minimist": "^1.2.0"
      },
      "bin": {
        "watch": "cli.js"
      },
      "engines": {
        "node": ">=0.1.95"
      }
    }
  },
  "dependencies": {
    "chokidar": {
      "version": "4.0.0",
      "resolved": "https://registry.npmjs.org/chokidar/-/chokidar-4.0.0.tgz",
      "integrity": "sha512-mxIojEAQcuEvT/lyXq+jf/3cO/KoA6z4CeNDGGevTybECPOMFCnQy3OPahluUkbqgPNGw5Bi78UC7Po6Lhy+NA==",
      "requires": {
        "readdirp": "^4.0.1"
      }
    },
    "exec-sh": {
      "version": "0.2.2",
      "resolved": "https://registry.npmjs.org/exec-sh/-/exec-sh-0.2.2.tgz",
      "integrity": "sha512-FIUCJz1RbuS0FKTdaAafAByGS0CPvU3R0MeHxgtl+djzCc//F8HakL8GzmVNZanasTbTAY/3DRFA0KpVqj/eAw==",
      "requires": {
        "merge": "^1.2.0"
      }
    },
    "immutable": {
      "version": "4.2.1",
      "resolved": "https://registry.npmjs.org/immutable/-/immutable-4.2.1.tgz",
      "integrity": "sha512-7WYV7Q5BTs0nlQm7tl92rDYYoyELLKHoDMBKhrxEoiV4mrfVdRz8hzPiYOzH7yWjzoVEamxRuAqhxL2PLRwZYQ=="
    },
    "merge": {
      "version": "1.2.1",
      "resolved": "https://registry.npmjs.org/merge/-/merge-1.2.1.tgz",
      "integrity": "sha512-VjFo4P5Whtj4vsLzsYBu5ayHhoHJ0UqNm7ibvShmbmoz7tGi0vXaoJbGdB+GmDMLUdg8DpQXEIeVDAe8MaABvQ=="
    },
    "minimist": {
      "version": "1.2.8",
      "resolved": "https://registry.npmjs.org/minimist/-/minimist-1.2.8.tgz",
      "integrity": "sha512-2yyAR8qBkN3YuheJanUpWC5U3bb5osDywNB8RzDVlDwDHbocAJveqqj1u8+SVD7jkWT4yvsHCpWqqWqAxb0zCA=="
    },
    "prettier": {
      "version": "3.3.3",
      "resolved": "https://registry.npmjs.org/prettier/-/prettier-3.3.3.tgz",
      "integrity": "sha512-i2tDNA0O5IrMO757lfrdQZCc2jPNDVntV0m/+4whiDfWaTKfMNgR7Qz0NAeGz/nRqF4m5/6CLzbP4/liHt12Ew==",
      "dev": true
    },
    "readdirp": {
      "version": "4.0.1",
      "resolved": "https://registry.npmjs.org/readdirp/-/readdirp-4.0.1.tgz",
      "integrity": "sha512-GkMg9uOTpIWWKbSsgwb5fA4EavTR+SG/PMPoAY8hkhHfEEY0/vqljY+XHqtDf2cr2IJtoNRDbrrEpZUiZCkYRw=="
    },
    "sass": {
      "version": "1.79.1",
      "resolved": "https://registry.npmjs.org/sass/-/sass-1.79.1.tgz",
      "integrity": "sha512-+mA7svoNKeL0DiJqZGeR/ZGUu8he4I8o3jyUcOFyo4eBJrwNgIMmAEwCMo/N2Y3wdjOBcRzoNxZIOtrtMX8EXg==",
      "requires": {
        "chokidar": "^4.0.0",
        "immutable": "^4.0.0",
        "source-map-js": ">=0.6.2 <2.0.0"
      }
    },
    "sass-mq": {
      "version": "6.0.0",
      "resolved": "https://registry.npmjs.org/sass-mq/-/sass-mq-6.0.0.tgz",
      "integrity": "sha512-h4VicIy8lszFlqqggqLIFGt/9wS5fHLPoTXHRjC8Vw6UsA4s4JtDvEeypXbbECfgY336mXyc/cdpbRacH0UzGA=="
    },
    "source-map-js": {
      "version": "1.0.2",
      "resolved": "https://registry.npmjs.org/source-map-js/-/source-map-js-1.0.2.tgz",
      "integrity": "sha512-R0XvVJ9WusLiqTCEiGCmICCMplcCkIwwR11mOSD9CR5u+IXYdiseeEuXCVAjS54zqwkLcPNnmU4OeJ6tUrWhDw=="
    },
    "watch": {
      "version": "1.0.2",
      "resolved": "https://registry.npmjs.org/watch/-/watch-1.0.2.tgz",
      "integrity": "sha512-1u+Z5n9Jc1E2c7qDO8SinPoZuHj7FgbgU1olSFoyaklduDvvtX7GMMtlE6OC9FTXq4KvNAOfj6Zu4vI1e9bAKA==",
      "requires": {
        "exec-sh": "^0.2.0",
        "minimist": "^1.2.0"
      }
    }
  }
}
